
Microsoft Visual Studio Solution File, Format Version 12.00
# Visual Studio Version 16
VisualStudioVersion = 16.0.33027.164
MinimumVisualStudioVersion = 10.0.40219.1
Project("{888888A0-9F3D-457C-B088-3A5042F75D52}") = "Hash-Tool", "Hash-Tool.pyproj", "{F53AF498-9193-4B6C-B37A-98E66869CF4F}"
EndProject
Global
	GlobalSection(SolutionConfigurationPlatforms) = preSolution
		Debug|Any CPU = Debug|Any CPU
		Release|Any CPU = Release|Any CPU
	EndGlobalSection
	GlobalSection(ProjectConfigurationPlatforms) = postSolution
		{F53AF498-9193-4B6C-B37A-98E66869CF4F}.Debug|Any CPU.ActiveCfg = Debug|Any CPU
		{F53AF498-9193-4B6C-B37A-98E66869CF4F}.Release|Any CPU.ActiveCfg = Release|Any CPU
	EndGlobalSection
	GlobalSection(SolutionProperties) = preSolution
		HideSolutionNode = FALSE
	EndGlobalSection
	GlobalSection(ExtensibilityGlobals) = postSolution
		SolutionGuid = {BDF859B9-ED95-4B7B-A5CA-E9E4502D7ABA}
	EndGlobalSection
EndGlobal
